
Microsoft Visual Studio Solution File, Format Version 12.00
Project("{FAE04EC0-301F-11D3-BF4B-00C04F79EFBC}") = "Api", "Api\Api.csproj", "{E0AF190D-10C2-4F3D-B8C1-8151DB64C2F1}"
EndProject
Project("{FAE04EC0-301F-11D3-BF4B-00C04F79EFBC}") = "Models", "Models\Models.csproj", "{4B307C0B-0162-46BE-89DE-616AB7E00A72}"
EndProject
Global
	GlobalSection(SolutionConfigurationPlatforms) = preSolution
		Debug|Any CPU = Debug|Any CPU
		Release|Any CPU = Release|Any CPU
	EndGlobalSection
	GlobalSection(ProjectConfigurationPlatforms) = postSolution
		{E0AF190D-10C2-4F3D-B8C1-8151DB64C2F1}.Debug|Any CPU.ActiveCfg = Debug|Any CPU
		{E0AF190D-10C2-4F3D-B8C1-8151DB64C2F1}.Debug|Any CPU.Build.0 = Debug|Any CPU
		{E0AF190D-10C2-4F3D-B8C1-8151DB64C2F1}.Release|Any CPU.ActiveCfg = Release|Any CPU
		{E0AF190D-10C2-4F3D-B8C1-8151DB64C2F1}.Release|Any CPU.Build.0 = Release|Any CPU
		{4B307C0B-0162-46BE-89DE-616AB7E00A72}.Debug|Any CPU.ActiveCfg = Debug|Any CPU
		{4B307C0B-0162-46BE-89DE-616AB7E00A72}.Debug|Any CPU.Build.0 = Debug|Any CPU
		{4B307C0B-0162-46BE-89DE-616AB7E00A72}.Release|Any CPU.ActiveCfg = Release|Any CPU
		{4B307C0B-0162-46BE-89DE-616AB7E00A72}.Release|Any CPU.Build.0 = Release|Any CPU
	EndGlobalSection
EndGlobal
